
Microsoft Visual Studio Solution File, Format Version 12.00
# Visual Studio Version 17
VisualStudioVersion = 17.3.32901.215
MinimumVisualStudioVersion = 10.0.40219.1
Project("{FAE04EC0-301F-11D3-BF4B-00C04F79EFBC}") = "maskedtext-ornek", "maskedtext-ornek\maskedtext-ornek.csproj", "{F2D89EAD-A650-40CB-ADA8-0711E10FC3AF}"
EndProject
Global
	GlobalSection(SolutionConfigurationPlatforms) = preSolution
		Debug|Any CPU = Debug|Any CPU
		Release|Any CPU = Release|Any CPU
	EndGlobalSection
	GlobalSection(ProjectConfigurationPlatforms) = postSolution
		{F2D89EAD-A650-40CB-ADA8-0711E10FC3AF}.Debug|Any CPU.ActiveCfg = Debug|Any CPU
		{F2D89EAD-A650-40CB-ADA8-0711E10FC3AF}.Debug|Any CPU.Build.0 = Debug|Any CPU
		{F2D89EAD-A650-40CB-ADA8-0711E10FC3AF}.Release|Any CPU.ActiveCfg = Release|Any CPU
		{F2D89EAD-A650-40CB-ADA8-0711E10FC3AF}.Release|Any CPU.Build.0 = Release|Any CPU
	EndGlobalSection
	GlobalSection(SolutionProperties) = preSolution
		HideSolutionNode = FALSE
	EndGlobalSection
	GlobalSection(ExtensibilityGlobals) = postSolution
		SolutionGuid = {0958ECDA-8A14-4F32-B360-A975B1F021A9}
	EndGlobalSection
EndGlobal
